
Microsoft Visual Studio Solution File, Format Version 12.00
# Visual Studio Version 17
VisualStudioVersion = 17.3.32804.467
MinimumVisualStudioVersion = 10.0.40219.1
Project("{FAE04EC0-301F-11D3-BF4B-00C04F79EFBC}") = "Constructor", "Constructor\Constructor.csproj", "{57941649-9508-4900-9EEF-799BCB5D384A}"
EndProject
Global
	GlobalSection(SolutionConfigurationPlatforms) = preSolution
		Debug|Any CPU = Debug|Any CPU
		Release|Any CPU = Release|Any CPU
	EndGlobalSection
	GlobalSection(ProjectConfigurationPlatforms) = postSolution
		{57941649-9508-4900-9EEF-799BCB5D384A}.Debug|Any CPU.ActiveCfg = Debug|Any CPU
		{57941649-9508-4900-9EEF-799BCB5D384A}.Debug|Any CPU.Build.0 = Debug|Any CPU
		{57941649-9508-4900-9EEF-799BCB5D384A}.Release|Any CPU.ActiveCfg = Release|Any CPU
		{57941649-9508-4900-9EEF-799BCB5D384A}.Release|Any CPU.Build.0 = Release|Any CPU
	EndGlobalSection
	GlobalSection(SolutionProperties) = preSolution
		HideSolutionNode = FALSE
	EndGlobalSection
	GlobalSection(ExtensibilityGlobals) = postSolution
		SolutionGuid = {7CC41F48-51E9-4DE6-8FE2-BD39E4540BD0}
	EndGlobalSection
EndGlobal
