
Microsoft Visual Studio Solution File, Format Version 12.00
# Visual Studio Version 17
VisualStudioVersion = 17.3.32804.467
MinimumVisualStudioVersion = 10.0.40219.1
Project("{FAE04EC0-301F-11D3-BF4B-00C04F79EFBC}") = "Property", "Property\Property.csproj", "{055774C2-CD11-4371-B50F-F77AAF635805}"
EndProject
Global
	GlobalSection(SolutionConfigurationPlatforms) = preSolution
		Debug|Any CPU = Debug|Any CPU
		Release|Any CPU = Release|Any CPU
	EndGlobalSection
	GlobalSection(ProjectConfigurationPlatforms) = postSolution
		{055774C2-CD11-4371-B50F-F77AAF635805}.Debug|Any CPU.ActiveCfg = Debug|Any CPU
		{055774C2-CD11-4371-B50F-F77AAF635805}.Debug|Any CPU.Build.0 = Debug|Any CPU
		{055774C2-CD11-4371-B50F-F77AAF635805}.Release|Any CPU.ActiveCfg = Release|Any CPU
		{055774C2-CD11-4371-B50F-F77AAF635805}.Release|Any CPU.Build.0 = Release|Any CPU
	EndGlobalSection
	GlobalSection(SolutionProperties) = preSolution
		HideSolutionNode = FALSE
	EndGlobalSection
	GlobalSection(ExtensibilityGlobals) = postSolution
		SolutionGuid = {B3661830-8FB0-40BF-B6DA-41469CF7D8C8}
	EndGlobalSection
EndGlobal
