
Microsoft Visual Studio Solution File, Format Version 12.00
# Visual Studio Version 17
VisualStudioVersion = 17.3.32804.467
MinimumVisualStudioVersion = 10.0.40219.1
Project("{FAE04EC0-301F-11D3-BF4B-00C04F79EFBC}") = "Interfaces", "Interfaces\Interfaces.csproj", "{781B174D-83AB-4AF9-BED5-77BFC0F2617A}"
EndProject
Global
	GlobalSection(SolutionConfigurationPlatforms) = preSolution
		Debug|Any CPU = Debug|Any CPU
		Release|Any CPU = Release|Any CPU
	EndGlobalSection
	GlobalSection(ProjectConfigurationPlatforms) = postSolution
		{781B174D-83AB-4AF9-BED5-77BFC0F2617A}.Debug|Any CPU.ActiveCfg = Debug|Any CPU
		{781B174D-83AB-4AF9-BED5-77BFC0F2617A}.Debug|Any CPU.Build.0 = Debug|Any CPU
		{781B174D-83AB-4AF9-BED5-77BFC0F2617A}.Release|Any CPU.ActiveCfg = Release|Any CPU
		{781B174D-83AB-4AF9-BED5-77BFC0F2617A}.Release|Any CPU.Build.0 = Release|Any CPU
	EndGlobalSection
	GlobalSection(SolutionProperties) = preSolution
		HideSolutionNode = FALSE
	EndGlobalSection
	GlobalSection(ExtensibilityGlobals) = postSolution
		SolutionGuid = {3156DBAE-2382-4FE4-8318-27BE55A1EA81}
	EndGlobalSection
EndGlobal
